
Microsoft Visual Studio Solution File, Format Version 12.00
# Visual Studio 15
Project("{FAE04EC0-301F-11D3-BF4B-00C04F79EFBC}") = "Assembly-CSharp-Editor", "Assembly-CSharp-Editor.csproj", "{FE8D3DDB-1CFA-6D7D-1E0E-BA88AEDFCC45}"
EndProject
Project("{FAE04EC0-301F-11D3-BF4B-00C04F79EFBC}") = "Assembly-CSharp", "Assembly-CSharp.csproj", "{9BD0A96C-41FC-6379-2F40-2D5C08DE174C}"
EndProject
Global
	GlobalSection(SolutionConfigurationPlatforms) = preSolution
		Debug|Any CPU = Debug|Any CPU
		Release|Any CPU = Release|Any CPU
	EndGlobalSection
	GlobalSection(ProjectConfigurationPlatforms) = postSolution
		{FE8D3DDB-1CFA-6D7D-1E0E-BA88AEDFCC45}.Debug|Any CPU.ActiveCfg = Debug|Any CPU
		{FE8D3DDB-1CFA-6D7D-1E0E-BA88AEDFCC45}.Debug|Any CPU.Build.0 = Debug|Any CPU
		{FE8D3DDB-1CFA-6D7D-1E0E-BA88AEDFCC45}.Release|Any CPU.ActiveCfg = Release|Any CPU
		{FE8D3DDB-1CFA-6D7D-1E0E-BA88AEDFCC45}.Release|Any CPU.Build.0 = Release|Any CPU
		{9BD0A96C-41FC-6379-2F40-2D5C08DE174C}.Debug|Any CPU.ActiveCfg = Debug|Any CPU
		{9BD0A96C-41FC-6379-2F40-2D5C08DE174C}.Debug|Any CPU.Build.0 = Debug|Any CPU
		{9BD0A96C-41FC-6379-2F40-2D5C08DE174C}.Release|Any CPU.ActiveCfg = Release|Any CPU
		{9BD0A96C-41FC-6379-2F40-2D5C08DE174C}.Release|Any CPU.Build.0 = Release|Any CPU
	EndGlobalSection
	GlobalSection(SolutionProperties) = preSolution
		HideSolutionNode = FALSE
	EndGlobalSection
EndGlobal
